
Microsoft Visual Studio Solution File, Format Version 12.00
# Visual Studio Version 17
VisualStudioVersion = 17.3.32929.385
MinimumVisualStudioVersion = 10.0.40219.1
Project("{9A19103F-16F7-4668-BE54-9A1E7A4F7556}") = "ThreadLinq", "Thread\ThreadLinq.csproj", "{2111153C-D491-45EC-9960-FC093E4C2693}"
EndProject
Project("{FAE04EC0-301F-11D3-BF4B-00C04F79EFBC}") = "LinqTest", "LinqTest\LinqTest.csproj", "{C393C892-04EE-4647-A90E-4F233F0C733F}"
EndProject
Global
	GlobalSection(SolutionConfigurationPlatforms) = preSolution
		Debug|Any CPU = Debug|Any CPU
		Release|Any CPU = Release|Any CPU
	EndGlobalSection
	GlobalSection(ProjectConfigurationPlatforms) = postSolution
		{2111153C-D491-45EC-9960-FC093E4C2693}.Debug|Any CPU.ActiveCfg = Debug|Any CPU
		{2111153C-D491-45EC-9960-FC093E4C2693}.Debug|Any CPU.Build.0 = Debug|Any CPU
		{2111153C-D491-45EC-9960-FC093E4C2693}.Release|Any CPU.ActiveCfg = Release|Any CPU
		{2111153C-D491-45EC-9960-FC093E4C2693}.Release|Any CPU.Build.0 = Release|Any CPU
		{C393C892-04EE-4647-A90E-4F233F0C733F}.Debug|Any CPU.ActiveCfg = Debug|Any CPU
		{C393C892-04EE-4647-A90E-4F233F0C733F}.Debug|Any CPU.Build.0 = Debug|Any CPU
		{C393C892-04EE-4647-A90E-4F233F0C733F}.Release|Any CPU.ActiveCfg = Release|Any CPU
		{C393C892-04EE-4647-A90E-4F233F0C733F}.Release|Any CPU.Build.0 = Release|Any CPU
	EndGlobalSection
	GlobalSection(SolutionProperties) = preSolution
		HideSolutionNode = FALSE
	EndGlobalSection
	GlobalSection(ExtensibilityGlobals) = postSolution
		SolutionGuid = {5914D4A7-B757-44F9-80D6-15CBBD28D389}
	EndGlobalSection
EndGlobal
