
Microsoft Visual Studio Solution File, Format Version 12.00
# Visual Studio Version 16
VisualStudioVersion = 16.0.30717.126
MinimumVisualStudioVersion = 10.0.40219.1
Project("{FAE04EC0-301F-11D3-BF4B-00C04F79EFBC}") = "BinaryHeap2", "BinaryHeap2\BinaryHeap2.csproj", "{BE2DFD40-4BA1-4438-AD8E-E8BFA294810A}"
EndProject
Global
	GlobalSection(SolutionConfigurationPlatforms) = preSolution
		Debug|Any CPU = Debug|Any CPU
		Release|Any CPU = Release|Any CPU
	EndGlobalSection
	GlobalSection(ProjectConfigurationPlatforms) = postSolution
		{BE2DFD40-4BA1-4438-AD8E-E8BFA294810A}.Debug|Any CPU.ActiveCfg = Debug|Any CPU
		{BE2DFD40-4BA1-4438-AD8E-E8BFA294810A}.Debug|Any CPU.Build.0 = Debug|Any CPU
		{BE2DFD40-4BA1-4438-AD8E-E8BFA294810A}.Release|Any CPU.ActiveCfg = Release|Any CPU
		{BE2DFD40-4BA1-4438-AD8E-E8BFA294810A}.Release|Any CPU.Build.0 = Release|Any CPU
	EndGlobalSection
	GlobalSection(SolutionProperties) = preSolution
		HideSolutionNode = FALSE
	EndGlobalSection
	GlobalSection(ExtensibilityGlobals) = postSolution
		SolutionGuid = {FC512BE1-0F2F-4D27-8987-2642F3AE5756}
	EndGlobalSection
EndGlobal
