
Microsoft Visual Studio Solution File, Format Version 12.00
# Visual Studio Version 17
VisualStudioVersion = 17.1.32407.343
MinimumVisualStudioVersion = 10.0.40219.1
Project("{FAE04EC0-301F-11D3-BF4B-00C04F79EFBC}") = "FindUnion2", "FindUnion2\FindUnion2.csproj", "{70A844CF-EA9A-48CC-8F10-AE8C5EF35FD3}"
EndProject
Global
	GlobalSection(SolutionConfigurationPlatforms) = preSolution
		Debug|Any CPU = Debug|Any CPU
		Release|Any CPU = Release|Any CPU
	EndGlobalSection
	GlobalSection(ProjectConfigurationPlatforms) = postSolution
		{70A844CF-EA9A-48CC-8F10-AE8C5EF35FD3}.Debug|Any CPU.ActiveCfg = Debug|Any CPU
		{70A844CF-EA9A-48CC-8F10-AE8C5EF35FD3}.Debug|Any CPU.Build.0 = Debug|Any CPU
		{70A844CF-EA9A-48CC-8F10-AE8C5EF35FD3}.Release|Any CPU.ActiveCfg = Release|Any CPU
		{70A844CF-EA9A-48CC-8F10-AE8C5EF35FD3}.Release|Any CPU.Build.0 = Release|Any CPU
	EndGlobalSection
	GlobalSection(SolutionProperties) = preSolution
		HideSolutionNode = FALSE
	EndGlobalSection
	GlobalSection(ExtensibilityGlobals) = postSolution
		SolutionGuid = {97C1990B-80A6-4B79-BA9F-9FF3EB4AA10F}
	EndGlobalSection
EndGlobal
