
Microsoft Visual Studio Solution File, Format Version 12.00
# Visual Studio Version 17
VisualStudioVersion = 17.1.32407.343
MinimumVisualStudioVersion = 10.0.40219.1
Project("{FAE04EC0-301F-11D3-BF4B-00C04F79EFBC}") = "chuan", "chuan\chuan.csproj", "{40D73061-14FA-4258-99FF-AF4EFDBE6EF2}"
EndProject
Global
	GlobalSection(SolutionConfigurationPlatforms) = preSolution
		Debug|Any CPU = Debug|Any CPU
		Release|Any CPU = Release|Any CPU
	EndGlobalSection
	GlobalSection(ProjectConfigurationPlatforms) = postSolution
		{40D73061-14FA-4258-99FF-AF4EFDBE6EF2}.Debug|Any CPU.ActiveCfg = Debug|Any CPU
		{40D73061-14FA-4258-99FF-AF4EFDBE6EF2}.Debug|Any CPU.Build.0 = Debug|Any CPU
		{40D73061-14FA-4258-99FF-AF4EFDBE6EF2}.Release|Any CPU.ActiveCfg = Release|Any CPU
		{40D73061-14FA-4258-99FF-AF4EFDBE6EF2}.Release|Any CPU.Build.0 = Release|Any CPU
	EndGlobalSection
	GlobalSection(SolutionProperties) = preSolution
		HideSolutionNode = FALSE
	EndGlobalSection
	GlobalSection(ExtensibilityGlobals) = postSolution
		SolutionGuid = {4D84C3F7-ED04-449F-9434-E873ED72A63F}
	EndGlobalSection
EndGlobal
