
Microsoft Visual Studio Solution File, Format Version 12.00
# Visual Studio Version 16
VisualStudioVersion = 16.0.32802.440
MinimumVisualStudioVersion = 10.0.40219.1
Project("{FAE04EC0-301F-11D3-BF4B-00C04F79EFBC}") = "DynamicProgram", "DynamicProgram\DynamicProgram.csproj", "{AE5002A1-F011-4887-9438-99D2B50547C2}"
EndProject
Global
	GlobalSection(SolutionConfigurationPlatforms) = preSolution
		Debug|Any CPU = Debug|Any CPU
		Release|Any CPU = Release|Any CPU
	EndGlobalSection
	GlobalSection(ProjectConfigurationPlatforms) = postSolution
		{AE5002A1-F011-4887-9438-99D2B50547C2}.Debug|Any CPU.ActiveCfg = Debug|Any CPU
		{AE5002A1-F011-4887-9438-99D2B50547C2}.Debug|Any CPU.Build.0 = Debug|Any CPU
		{AE5002A1-F011-4887-9438-99D2B50547C2}.Release|Any CPU.ActiveCfg = Release|Any CPU
		{AE5002A1-F011-4887-9438-99D2B50547C2}.Release|Any CPU.Build.0 = Release|Any CPU
	EndGlobalSection
	GlobalSection(SolutionProperties) = preSolution
		HideSolutionNode = FALSE
	EndGlobalSection
	GlobalSection(ExtensibilityGlobals) = postSolution
		SolutionGuid = {27FF56A5-3CFB-42D3-A589-64037153B3D8}
	EndGlobalSection
EndGlobal
