
Microsoft Visual Studio Solution File, Format Version 12.00
# Visual Studio Version 17
VisualStudioVersion = 17.1.32407.343
MinimumVisualStudioVersion = 10.0.40219.1
Project("{FAE04EC0-301F-11D3-BF4B-00C04F79EFBC}") = "DynamicProgromming", "DynamicProgromming\DynamicProgromming.csproj", "{FF9C6F62-3CE6-4E91-BF43-AF55C75275A6}"
EndProject
Global
	GlobalSection(SolutionConfigurationPlatforms) = preSolution
		Debug|Any CPU = Debug|Any CPU
		Release|Any CPU = Release|Any CPU
	EndGlobalSection
	GlobalSection(ProjectConfigurationPlatforms) = postSolution
		{FF9C6F62-3CE6-4E91-BF43-AF55C75275A6}.Debug|Any CPU.ActiveCfg = Debug|Any CPU
		{FF9C6F62-3CE6-4E91-BF43-AF55C75275A6}.Debug|Any CPU.Build.0 = Debug|Any CPU
		{FF9C6F62-3CE6-4E91-BF43-AF55C75275A6}.Release|Any CPU.ActiveCfg = Release|Any CPU
		{FF9C6F62-3CE6-4E91-BF43-AF55C75275A6}.Release|Any CPU.Build.0 = Release|Any CPU
	EndGlobalSection
	GlobalSection(SolutionProperties) = preSolution
		HideSolutionNode = FALSE
	EndGlobalSection
	GlobalSection(ExtensibilityGlobals) = postSolution
		SolutionGuid = {80E8A9DE-1BE0-4670-A201-72C081A2DA06}
	EndGlobalSection
EndGlobal
